
Microsoft Visual Studio Solution File, Format Version 12.00
# Visual Studio Version 17
VisualStudioVersion = 17.0.31903.59
MinimumVisualStudioVersion = 10.0.40219.1
Project("{FAE04EC0-301F-11D3-BF4B-00C04F79EFBC}") = "AmigoSecreto.Api", "AmigoSecreto.API\AmigoSecreto.API.csproj", "{90321C49-19FA-47F1-B4AA-81C2AF091D47}"
EndProject
Project("{FAE04EC0-301F-11D3-BF4B-00C04F79EFBC}") = "AmigoSecreto.Domain", "AmigoSecreto.Domain\AmigoSecreto.Domain.csproj", "{C996C376-6D1C-480A-B2B0-272904E11A23}"
EndProject
Project("{FAE04EC0-301F-11D3-BF4B-00C04F79EFBC}") = "AmigoSecreto.Application", "AmigoSecreto.Application\AmigoSecreto.Application.csproj", "{338C0A10-2D6A-446F-8EE1-1313241F295D}"
EndProject
Project("{FAE04EC0-301F-11D3-BF4B-00C04F79EFBC}") = "AmigoSecreto.Infrastructure", "AmigoSecreto.Infrastructure\AmigoSecreto.Infrastructure.csproj", "{99C637B5-1B3C-4C41-B08F-E335941321D0}"
EndProject
Global
	GlobalSection(SolutionConfigurationPlatforms) = preSolution
		Debug|Any CPU = Debug|Any CPU
		Debug|x64 = Debug|x64
		Debug|x86 = Debug|x86
		Release|Any CPU = Release|Any CPU
		Release|x64 = Release|x64
		Release|x86 = Release|x86
	EndGlobalSection
	GlobalSection(ProjectConfigurationPlatforms) = postSolution
		{90321C49-19FA-47F1-B4AA-81C2AF091D47}.Debug|Any CPU.ActiveCfg = Debug|Any CPU
		{90321C49-19FA-47F1-B4AA-81C2AF091D47}.Debug|Any CPU.Build.0 = Debug|Any CPU
		{90321C49-19FA-47F1-B4AA-81C2AF091D47}.Debug|x64.ActiveCfg = Debug|Any CPU
		{90321C49-19FA-47F1-B4AA-81C2AF091D47}.Debug|x64.Build.0 = Debug|Any CPU
		{90321C49-19FA-47F1-B4AA-81C2AF091D47}.Debug|x86.ActiveCfg = Debug|Any CPU
		{90321C49-19FA-47F1-B4AA-81C2AF091D47}.Debug|x86.Build.0 = Debug|Any CPU
		{90321C49-19FA-47F1-B4AA-81C2AF091D47}.Release|Any CPU.ActiveCfg = Release|Any CPU
		{90321C49-19FA-47F1-B4AA-81C2AF091D47}.Release|Any CPU.Build.0 = Release|Any CPU
		{90321C49-19FA-47F1-B4AA-81C2AF091D47}.Release|x64.ActiveCfg = Release|Any CPU
		{90321C49-19FA-47F1-B4AA-81C2AF091D47}.Release|x64.Build.0 = Release|Any CPU
		{90321C49-19FA-47F1-B4AA-81C2AF091D47}.Release|x86.ActiveCfg = Release|Any CPU
		{90321C49-19FA-47F1-B4AA-81C2AF091D47}.Release|x86.Build.0 = Release|Any CPU
		{C996C376-6D1C-480A-B2B0-272904E11A23}.Debug|Any CPU.ActiveCfg = Debug|Any CPU
		{C996C376-6D1C-480A-B2B0-272904E11A23}.Debug|Any CPU.Build.0 = Debug|Any CPU
		{C996C376-6D1C-480A-B2B0-272904E11A23}.Debug|x64.ActiveCfg = Debug|Any CPU
		{C996C376-6D1C-480A-B2B0-272904E11A23}.Debug|x64.Build.0 = Debug|Any CPU
		{C996C376-6D1C-480A-B2B0-272904E11A23}.Debug|x86.ActiveCfg = Debug|Any CPU
		{C996C376-6D1C-480A-B2B0-272904E11A23}.Debug|x86.Build.0 = Debug|Any CPU
		{C996C376-6D1C-480A-B2B0-272904E11A23}.Release|Any CPU.ActiveCfg = Release|Any CPU
		{C996C376-6D1C-480A-B2B0-272904E11A23}.Release|Any CPU.Build.0 = Release|Any CPU
		{C996C376-6D1C-480A-B2B0-272904E11A23}.Release|x64.ActiveCfg = Release|Any CPU
		{C996C376-6D1C-480A-B2B0-272904E11A23}.Release|x64.Build.0 = Release|Any CPU
		{C996C376-6D1C-480A-B2B0-272904E11A23}.Release|x86.ActiveCfg = Release|Any CPU
		{C996C376-6D1C-480A-B2B0-272904E11A23}.Release|x86.Build.0 = Release|Any CPU
		{338C0A10-2D6A-446F-8EE1-1313241F295D}.Debug|Any CPU.ActiveCfg = Debug|Any CPU
		{338C0A10-2D6A-446F-8EE1-1313241F295D}.Debug|Any CPU.Build.0 = Debug|Any CPU
		{338C0A10-2D6A-446F-8EE1-1313241F295D}.Debug|x64.ActiveCfg = Debug|Any CPU
		{338C0A10-2D6A-446F-8EE1-1313241F295D}.Debug|x64.Build.0 = Debug|Any CPU
		{338C0A10-2D6A-446F-8EE1-1313241F295D}.Debug|x86.ActiveCfg = Debug|Any CPU
		{338C0A10-2D6A-446F-8EE1-1313241F295D}.Debug|x86.Build.0 = Debug|Any CPU
		{338C0A10-2D6A-446F-8EE1-1313241F295D}.Release|Any CPU.ActiveCfg = Release|Any CPU
		{338C0A10-2D6A-446F-8EE1-1313241F295D}.Release|Any CPU.Build.0 = Release|Any CPU
		{338C0A10-2D6A-446F-8EE1-1313241F295D}.Release|x64.ActiveCfg = Release|Any CPU
		{338C0A10-2D6A-446F-8EE1-1313241F295D}.Release|x64.Build.0 = Release|Any CPU
		{338C0A10-2D6A-446F-8EE1-1313241F295D}.Release|x86.ActiveCfg = Release|Any CPU
		{338C0A10-2D6A-446F-8EE1-1313241F295D}.Release|x86.Build.0 = Release|Any CPU
		{99C637B5-1B3C-4C41-B08F-E335941321D0}.Debug|Any CPU.ActiveCfg = Debug|Any CPU
		{99C637B5-1B3C-4C41-B08F-E335941321D0}.Debug|Any CPU.Build.0 = Debug|Any CPU
		{99C637B5-1B3C-4C41-B08F-E335941321D0}.Debug|x64.ActiveCfg = Debug|Any CPU
		{99C637B5-1B3C-4C41-B08F-E335941321D0}.Debug|x64.Build.0 = Debug|Any CPU
		{99C637B5-1B3C-4C41-B08F-E335941321D0}.Debug|x86.ActiveCfg = Debug|Any CPU
		{99C637B5-1B3C-4C41-B08F-E335941321D0}.Debug|x86.Build.0 = Debug|Any CPU
		{99C637B5-1B3C-4C41-B08F-E335941321D0}.Release|Any CPU.ActiveCfg = Release|Any CPU
		{99C637B5-1B3C-4C41-B08F-E335941321D0}.Release|Any CPU.Build.0 = Release|Any CPU
		{99C637B5-1B3C-4C41-B08F-E335941321D0}.Release|x64.ActiveCfg = Release|Any CPU
		{99C637B5-1B3C-4C41-B08F-E335941321D0}.Release|x64.Build.0 = Release|Any CPU
		{99C637B5-1B3C-4C41-B08F-E335941321D0}.Release|x86.ActiveCfg = Release|Any CPU
		{99C637B5-1B3C-4C41-B08F-E335941321D0}.Release|x86.Build.0 = Release|Any CPU
	EndGlobalSection
	GlobalSection(SolutionProperties) = preSolution
		HideSolutionNode = FALSE
	EndGlobalSection
EndGlobal
